
Microsoft Visual Studio Solution File, Format Version 12.00
# Visual Studio Version 17
VisualStudioVersion = 17.4.33213.308
MinimumVisualStudioVersion = 10.0.40219.1
Project("{9A19103F-16F7-4668-BE54-9A1E7A4F7556}") = "RoutinR.Core", "RoutinR.Core\RoutinR.Core.csproj", "{65EFB8AA-771E-4F7B-A8F1-AE2CB0336041}"
EndProject
Project("{9A19103F-16F7-4668-BE54-9A1E7A4F7556}") = "RoutinR.Core.Tests", "RoutinR.Core.Tests\RoutinR.Core.Tests.csproj", "{2FCF6FE0-6AAA-4E65-96CA-9806B9E9CB59}"
EndProject
Project("{2150E333-8FDC-42A3-9474-1A3956D46DE8}") = "SolutionItems", "SolutionItems", "{76AFE4A7-774E-4C2E-85CE-CD00342E9818}"
	ProjectSection(SolutionItems) = preProject
		..\.github\workflows\build_validation.yml = ..\.github\workflows\build_validation.yml
		..\Readme.md = ..\Readme.md
		..\version.json = ..\version.json
	EndProjectSection
EndProject
Project("{9A19103F-16F7-4668-BE54-9A1E7A4F7556}") = "RoutinR.Console", "RoutinR.Console\RoutinR.Console.csproj", "{3A421062-1D72-4DC8-92F0-21B0774B10EF}"
EndProject
Project("{9A19103F-16F7-4668-BE54-9A1E7A4F7556}") = "RoutinR.Services", "RoutinR.Services\RoutinR.Services.csproj", "{88F14B63-F5EC-4D27-97CF-537C00E4E6AE}"
EndProject
Project("{9A19103F-16F7-4668-BE54-9A1E7A4F7556}") = "RoutinR.Services.Tests", "RoutinR.Services.Tests\RoutinR.Services.Tests.csproj", "{C03D95D0-1500-4694-BFE0-216DF9067FF0}"
EndProject
Project("{9A19103F-16F7-4668-BE54-9A1E7A4F7556}") = "RoutinR.Constants", "RoutinR.Constants\RoutinR.Constants.csproj", "{9647D535-D0DB-46DF-B052-795A7D72D81E}"
EndProject
Project("{2150E333-8FDC-42A3-9474-1A3956D46DE8}") = "Tests", "Tests", "{4F8F0547-DE1E-4BE1-BE44-4E7607F4DF77}"
EndProject
Project("{2150E333-8FDC-42A3-9474-1A3956D46DE8}") = "BusinessLogic", "BusinessLogic", "{579ADAFA-6230-4158-90BF-3ADA2B49FE0D}"
EndProject
Project("{2150E333-8FDC-42A3-9474-1A3956D46DE8}") = "UserInterfaces", "UserInterfaces", "{CB388007-F3FD-421E-9503-FC87E71395C4}"
EndProject
Project("{9A19103F-16F7-4668-BE54-9A1E7A4F7556}") = "RoutinR.MAUI", "RoutinR.MAUI\RoutinR.MAUI.csproj", "{D5B8F441-743E-4885-9315-2FC96C9189D3}"
EndProject
Project("{9A19103F-16F7-4668-BE54-9A1E7A4F7556}") = "RoutinR.Startup", "RoutinR.Startup\RoutinR.Startup.csproj", "{3C8758A7-C2C1-4E48-8CB4-1614D1D37F16}"
EndProject
Project("{9A19103F-16F7-4668-BE54-9A1E7A4F7556}") = "External.TestApi", "External.TestApi\External.TestApi.csproj", "{1AD002A7-0F69-4F67-88FB-3C2207EE225B}"
EndProject
Project("{2150E333-8FDC-42A3-9474-1A3956D46DE8}") = "Database", "Database", "{19FEE1EB-95CC-4F39-8C63-B5D34A1FEB47}"
EndProject
Project("{9A19103F-16F7-4668-BE54-9A1E7A4F7556}") = "RoutinR.SQLite", "RoutinR.SQLite\RoutinR.SQLite.csproj", "{AD0CC4C4-CE16-4005-A976-F21A092D7207}"
EndProject
Project("{FAE04EC0-301F-11D3-BF4B-00C04F79EFBC}") = "RoutinR.Services.Interfaces", "RoutinR.Services.Interfaces\RoutinR.Services.Interfaces.csproj", "{62311E69-622A-4364-A5F6-F85A3FF3EBE7}"
EndProject
Global
	GlobalSection(SolutionConfigurationPlatforms) = preSolution
		Debug|Any CPU = Debug|Any CPU
		Release|Any CPU = Release|Any CPU
	EndGlobalSection
	GlobalSection(ProjectConfigurationPlatforms) = postSolution
		{65EFB8AA-771E-4F7B-A8F1-AE2CB0336041}.Debug|Any CPU.ActiveCfg = Debug|Any CPU
		{65EFB8AA-771E-4F7B-A8F1-AE2CB0336041}.Debug|Any CPU.Build.0 = Debug|Any CPU
		{65EFB8AA-771E-4F7B-A8F1-AE2CB0336041}.Release|Any CPU.ActiveCfg = Release|Any CPU
		{65EFB8AA-771E-4F7B-A8F1-AE2CB0336041}.Release|Any CPU.Build.0 = Release|Any CPU
		{2FCF6FE0-6AAA-4E65-96CA-9806B9E9CB59}.Debug|Any CPU.ActiveCfg = Debug|Any CPU
		{2FCF6FE0-6AAA-4E65-96CA-9806B9E9CB59}.Debug|Any CPU.Build.0 = Debug|Any CPU
		{2FCF6FE0-6AAA-4E65-96CA-9806B9E9CB59}.Release|Any CPU.ActiveCfg = Release|Any CPU
		{2FCF6FE0-6AAA-4E65-96CA-9806B9E9CB59}.Release|Any CPU.Build.0 = Release|Any CPU
		{3A421062-1D72-4DC8-92F0-21B0774B10EF}.Debug|Any CPU.ActiveCfg = Debug|Any CPU
		{3A421062-1D72-4DC8-92F0-21B0774B10EF}.Debug|Any CPU.Build.0 = Debug|Any CPU
		{3A421062-1D72-4DC8-92F0-21B0774B10EF}.Release|Any CPU.ActiveCfg = Release|Any CPU
		{3A421062-1D72-4DC8-92F0-21B0774B10EF}.Release|Any CPU.Build.0 = Release|Any CPU
		{88F14B63-F5EC-4D27-97CF-537C00E4E6AE}.Debug|Any CPU.ActiveCfg = Debug|Any CPU
		{88F14B63-F5EC-4D27-97CF-537C00E4E6AE}.Debug|Any CPU.Build.0 = Debug|Any CPU
		{88F14B63-F5EC-4D27-97CF-537C00E4E6AE}.Release|Any CPU.ActiveCfg = Release|Any CPU
		{88F14B63-F5EC-4D27-97CF-537C00E4E6AE}.Release|Any CPU.Build.0 = Release|Any CPU
		{C03D95D0-1500-4694-BFE0-216DF9067FF0}.Debug|Any CPU.ActiveCfg = Debug|Any CPU
		{C03D95D0-1500-4694-BFE0-216DF9067FF0}.Debug|Any CPU.Build.0 = Debug|Any CPU
		{C03D95D0-1500-4694-BFE0-216DF9067FF0}.Release|Any CPU.ActiveCfg = Release|Any CPU
		{C03D95D0-1500-4694-BFE0-216DF9067FF0}.Release|Any CPU.Build.0 = Release|Any CPU
		{9647D535-D0DB-46DF-B052-795A7D72D81E}.Debug|Any CPU.ActiveCfg = Debug|Any CPU
		{9647D535-D0DB-46DF-B052-795A7D72D81E}.Debug|Any CPU.Build.0 = Debug|Any CPU
		{9647D535-D0DB-46DF-B052-795A7D72D81E}.Release|Any CPU.ActiveCfg = Release|Any CPU
		{9647D535-D0DB-46DF-B052-795A7D72D81E}.Release|Any CPU.Build.0 = Release|Any CPU
		{D5B8F441-743E-4885-9315-2FC96C9189D3}.Debug|Any CPU.ActiveCfg = Debug|Any CPU
		{D5B8F441-743E-4885-9315-2FC96C9189D3}.Debug|Any CPU.Build.0 = Debug|Any CPU
		{D5B8F441-743E-4885-9315-2FC96C9189D3}.Debug|Any CPU.Deploy.0 = Debug|Any CPU
		{D5B8F441-743E-4885-9315-2FC96C9189D3}.Release|Any CPU.ActiveCfg = Release|Any CPU
		{D5B8F441-743E-4885-9315-2FC96C9189D3}.Release|Any CPU.Build.0 = Release|Any CPU
		{D5B8F441-743E-4885-9315-2FC96C9189D3}.Release|Any CPU.Deploy.0 = Release|Any CPU
		{3C8758A7-C2C1-4E48-8CB4-1614D1D37F16}.Debug|Any CPU.ActiveCfg = Debug|Any CPU
		{3C8758A7-C2C1-4E48-8CB4-1614D1D37F16}.Debug|Any CPU.Build.0 = Debug|Any CPU
		{3C8758A7-C2C1-4E48-8CB4-1614D1D37F16}.Release|Any CPU.ActiveCfg = Release|Any CPU
		{3C8758A7-C2C1-4E48-8CB4-1614D1D37F16}.Release|Any CPU.Build.0 = Release|Any CPU
		{1AD002A7-0F69-4F67-88FB-3C2207EE225B}.Debug|Any CPU.ActiveCfg = Debug|Any CPU
		{1AD002A7-0F69-4F67-88FB-3C2207EE225B}.Debug|Any CPU.Build.0 = Debug|Any CPU
		{1AD002A7-0F69-4F67-88FB-3C2207EE225B}.Release|Any CPU.ActiveCfg = Release|Any CPU
		{1AD002A7-0F69-4F67-88FB-3C2207EE225B}.Release|Any CPU.Build.0 = Release|Any CPU
		{AD0CC4C4-CE16-4005-A976-F21A092D7207}.Debug|Any CPU.ActiveCfg = Debug|Any CPU
		{AD0CC4C4-CE16-4005-A976-F21A092D7207}.Debug|Any CPU.Build.0 = Debug|Any CPU
		{AD0CC4C4-CE16-4005-A976-F21A092D7207}.Release|Any CPU.ActiveCfg = Release|Any CPU
		{AD0CC4C4-CE16-4005-A976-F21A092D7207}.Release|Any CPU.Build.0 = Release|Any CPU
		{62311E69-622A-4364-A5F6-F85A3FF3EBE7}.Debug|Any CPU.ActiveCfg = Debug|Any CPU
		{62311E69-622A-4364-A5F6-F85A3FF3EBE7}.Debug|Any CPU.Build.0 = Debug|Any CPU
		{62311E69-622A-4364-A5F6-F85A3FF3EBE7}.Release|Any CPU.ActiveCfg = Release|Any CPU
		{62311E69-622A-4364-A5F6-F85A3FF3EBE7}.Release|Any CPU.Build.0 = Release|Any CPU
	EndGlobalSection
	GlobalSection(SolutionProperties) = preSolution
		HideSolutionNode = FALSE
	EndGlobalSection
	GlobalSection(NestedProjects) = preSolution
		{65EFB8AA-771E-4F7B-A8F1-AE2CB0336041} = {579ADAFA-6230-4158-90BF-3ADA2B49FE0D}
		{2FCF6FE0-6AAA-4E65-96CA-9806B9E9CB59} = {4F8F0547-DE1E-4BE1-BE44-4E7607F4DF77}
		{3A421062-1D72-4DC8-92F0-21B0774B10EF} = {CB388007-F3FD-421E-9503-FC87E71395C4}
		{88F14B63-F5EC-4D27-97CF-537C00E4E6AE} = {579ADAFA-6230-4158-90BF-3ADA2B49FE0D}
		{C03D95D0-1500-4694-BFE0-216DF9067FF0} = {4F8F0547-DE1E-4BE1-BE44-4E7607F4DF77}
		{9647D535-D0DB-46DF-B052-795A7D72D81E} = {579ADAFA-6230-4158-90BF-3ADA2B49FE0D}
		{D5B8F441-743E-4885-9315-2FC96C9189D3} = {CB388007-F3FD-421E-9503-FC87E71395C4}
		{1AD002A7-0F69-4F67-88FB-3C2207EE225B} = {4F8F0547-DE1E-4BE1-BE44-4E7607F4DF77}
		{AD0CC4C4-CE16-4005-A976-F21A092D7207} = {19FEE1EB-95CC-4F39-8C63-B5D34A1FEB47}
		{62311E69-622A-4364-A5F6-F85A3FF3EBE7} = {579ADAFA-6230-4158-90BF-3ADA2B49FE0D}
	EndGlobalSection
	GlobalSection(ExtensibilityGlobals) = postSolution
		SolutionGuid = {DFD0612D-D45D-409D-89E6-2D2449FEA37C}
	EndGlobalSection
EndGlobal
